
Microsoft Visual Studio Solution File, Format Version 12.00
# Visual Studio Version 17
VisualStudioVersion = 17.5.002.0
MinimumVisualStudioVersion = 10.0.40219.1
Project("{2150E333-8FDC-42A3-9474-1A3956D46DE8}") = "Seminar1", "Seminar1", "{6F6C8CED-0FAF-4785-9A50-23457B3C046A}"
EndProject
Project("{9A19103F-16F7-4668-BE54-9A1E7A4F7556}") = "task0", "Seminar1\task0\task0.csproj", "{10630B13-3ACC-46E9-93D7-EDB2D3535538}"
EndProject
Project("{9A19103F-16F7-4668-BE54-9A1E7A4F7556}") = "task1", "Seminar1\task1\task1.csproj", "{3068CCEB-369F-483E-A7E1-86FD61D68396}"
EndProject
Project("{9A19103F-16F7-4668-BE54-9A1E7A4F7556}") = "task2", "Seminar1\task2\task2.csproj", "{7494179B-8A85-4062-A6AC-A0581B89A39A}"
EndProject
Project("{9A19103F-16F7-4668-BE54-9A1E7A4F7556}") = "task3", "Seminar1\task3\task3.csproj", "{A550BF6C-EC47-4C2A-AA10-02BA0E329450}"
EndProject
Project("{9A19103F-16F7-4668-BE54-9A1E7A4F7556}") = "task4", "Seminar1\task4\task4.csproj", "{0A6DFD74-D0E2-4F4A-B98C-99DC408D8DB4}"
EndProject
Project("{2150E333-8FDC-42A3-9474-1A3956D46DE8}") = "Seminar2", "Seminar2", "{CAF346A8-09FA-4948-B0C3-46DA29E7A79F}"
EndProject
Project("{9A19103F-16F7-4668-BE54-9A1E7A4F7556}") = "task2", "Seminar2\task10\task2.csproj", "{E0E19E19-B200-4513-9A46-C465CD9761B7}"
EndProject
Project("{9A19103F-16F7-4668-BE54-9A1E7A4F7556}") = "task12", "Seminar2\task12\task12.csproj", "{540E6B76-D36F-499B-AEB8-D05D0714CA50}"
EndProject
Project("{9A19103F-16F7-4668-BE54-9A1E7A4F7556}") = "task14", "Seminar2\task14\task14.csproj", "{2D78827B-6CA8-48C2-897F-8FFBBE6C9CCD}"
EndProject
Project("{9A19103F-16F7-4668-BE54-9A1E7A4F7556}") = "task16", "Seminar2\task16\task16.csproj", "{8C2EF4CA-FC60-48CB-BEEB-FE8BBAB2911A}"
EndProject
Project("{9A19103F-16F7-4668-BE54-9A1E7A4F7556}") = "task1", "Seminar2\task9\task1.csproj", "{FAB15CA5-0FDB-473F-96F2-8CEFC0228D25}"
EndProject
Project("{2150E333-8FDC-42A3-9474-1A3956D46DE8}") = "Seminar3", "Seminar3", "{9836B981-3B50-45E7-9A1C-2162C49C4392}"
EndProject
Project("{9A19103F-16F7-4668-BE54-9A1E7A4F7556}") = "task17", "Seminar3\task17\task17.csproj", "{6C165253-9655-4279-8761-DCA2B9EE2E23}"
EndProject
Project("{9A19103F-16F7-4668-BE54-9A1E7A4F7556}") = "task18", "Seminar3\task18\task18.csproj", "{75E5F953-40CA-4B2E-A31A-5F63E63DFE09}"
EndProject
Project("{9A19103F-16F7-4668-BE54-9A1E7A4F7556}") = "task21", "Seminar3\task21\task21.csproj", "{38EA7215-AF33-430E-9CDB-CB50D4EA1CE9}"
EndProject
Project("{9A19103F-16F7-4668-BE54-9A1E7A4F7556}") = "task22", "Seminar3\task22\task22.csproj", "{9B950B97-10E4-47C5-89C2-30DCF0254D5F}"
EndProject
Project("{2150E333-8FDC-42A3-9474-1A3956D46DE8}") = "Seminar4", "Seminar4", "{24E21094-D583-40F2-B1FF-23A6D59A87AD}"
EndProject
Project("{9A19103F-16F7-4668-BE54-9A1E7A4F7556}") = "task24", "Seminar4\task24\task24.csproj", "{17A8E946-AD75-47F6-9ACD-8C3F8116F95D}"
EndProject
Project("{9A19103F-16F7-4668-BE54-9A1E7A4F7556}") = "task26", "Seminar4\task26\task26.csproj", "{6E83DBC3-91B4-4A42-A6F8-4F834CDBE809}"
EndProject
Project("{9A19103F-16F7-4668-BE54-9A1E7A4F7556}") = "task28", "Seminar4\task28\task28.csproj", "{6DCE24EA-56AB-4DE6-8FED-E54B10F036AF}"
EndProject
Project("{9A19103F-16F7-4668-BE54-9A1E7A4F7556}") = "task30", "Seminar4\task30\task30.csproj", "{BAF8D79C-7FB7-446D-A76B-AEB41EE4B35F}"
EndProject
Project("{9A19103F-16F7-4668-BE54-9A1E7A4F7556}") = "task_arr+arr", "Seminar4\task_arr+arr\task_arr+arr.csproj", "{EE70BFA4-0192-415D-A506-CA1CB6B1173E}"
EndProject
Project("{2150E333-8FDC-42A3-9474-1A3956D46DE8}") = "Seminar5", "Seminar5", "{102E0589-C1F1-4A14-AC3F-65ABB69B0175}"
EndProject
Project("{9A19103F-16F7-4668-BE54-9A1E7A4F7556}") = "task31", "Seminar5\task31\task31.csproj", "{AB6915BA-FA4D-4DD1-B002-CFB638629CEB}"
EndProject
Project("{9A19103F-16F7-4668-BE54-9A1E7A4F7556}") = "task32", "Seminar5\task32\task32.csproj", "{C4BB4AAE-DCF8-46D6-879C-4EB5E3B3F8F4}"
EndProject
Project("{9A19103F-16F7-4668-BE54-9A1E7A4F7556}") = "task33", "Seminar5\task33\task33.csproj", "{D4D32AEF-A707-4138-8E29-64E3EDDDF8F9}"
EndProject
Project("{9A19103F-16F7-4668-BE54-9A1E7A4F7556}") = "task35", "Seminar5\task35\task35.csproj", "{015632B4-4469-4E41-B8CB-375C310E2C23}"
EndProject
Project("{9A19103F-16F7-4668-BE54-9A1E7A4F7556}") = "task37", "Seminar5\task37\task37.csproj", "{D2603AB3-C043-4F24-9AD0-331154F2E8DF}"
EndProject
Project("{2150E333-8FDC-42A3-9474-1A3956D46DE8}") = "Seminar6", "Seminar6", "{F716AE26-456B-48AE-A56E-2CFB4B580A11}"
EndProject
Project("{9A19103F-16F7-4668-BE54-9A1E7A4F7556}") = "task39", "Seminar6\task39\task39.csproj", "{5B624467-F744-451D-A1F5-4C3242AFE93C}"
EndProject
Project("{9A19103F-16F7-4668-BE54-9A1E7A4F7556}") = "task42", "Seminar6\task42\task42.csproj", "{0B48696B-1A1E-4D4A-86D8-C4E81BE083A0}"
EndProject
Project("{9A19103F-16F7-4668-BE54-9A1E7A4F7556}") = "task44", "Seminar6\task44\task44.csproj", "{957E90D2-DF0B-4B1F-B6A7-7A2CE423BCD6}"
EndProject
Project("{2150E333-8FDC-42A3-9474-1A3956D46DE8}") = "Seminar7", "Seminar7", "{E5223306-7926-45D9-94BA-23420F9325BA}"
EndProject
Project("{9A19103F-16F7-4668-BE54-9A1E7A4F7556}") = "task46", "Seminar7\task46\task46.csproj", "{A7337930-EF79-4061-B757-7171F2487BC2}"
EndProject
Project("{2150E333-8FDC-42A3-9474-1A3956D46DE8}") = "HomeWorkSeminar1", "HomeWorkSeminar1", "{91EEB8F9-FD78-4DB0-ABC4-9CB0FE0FF7A6}"
EndProject
Project("{9A19103F-16F7-4668-BE54-9A1E7A4F7556}") = "task2", "Seminar1\HomeWorkSeminar1\task2\task2.csproj", "{BB152EDB-DD08-409C-83E8-AFE90619C490}"
EndProject
Project("{9A19103F-16F7-4668-BE54-9A1E7A4F7556}") = "task4", "Seminar1\HomeWorkSeminar1\task4\task4.csproj", "{BE7671A2-1CEC-4D1F-B609-95D80F3CFB73}"
EndProject
Project("{9A19103F-16F7-4668-BE54-9A1E7A4F7556}") = "task6", "Seminar1\HomeWorkSeminar1\task6\task6.csproj", "{B11D0E5C-E7E3-4381-A690-D6B9FB77F427}"
EndProject
Project("{9A19103F-16F7-4668-BE54-9A1E7A4F7556}") = "task8", "Seminar1\HomeWorkSeminar1\task8\task8.csproj", "{1366AF31-EDFE-4929-B21D-01A5F2C509A4}"
EndProject
Project("{2150E333-8FDC-42A3-9474-1A3956D46DE8}") = "HomeWork2", "HomeWork2", "{D8116954-52B6-4CAF-A986-E4183175FA08}"
EndProject
Project("{9A19103F-16F7-4668-BE54-9A1E7A4F7556}") = "task10", "Seminar2\HomeWork2\task10\task10.csproj", "{0A40911F-F0E0-46DF-9922-04A5E934ACE3}"
EndProject
Project("{9A19103F-16F7-4668-BE54-9A1E7A4F7556}") = "task13", "Seminar2\HomeWork2\task13\task13.csproj", "{C0288BE5-6EFA-4250-9E57-58C657516F38}"
EndProject
Project("{9A19103F-16F7-4668-BE54-9A1E7A4F7556}") = "task15", "Seminar2\HomeWork2\task15\task15.csproj", "{CA6E260F-D112-4463-BEE0-D758316D2059}"
EndProject
Project("{2150E333-8FDC-42A3-9474-1A3956D46DE8}") = "HomeWork3", "HomeWork3", "{15F7362B-9E90-477E-AFE2-77E7740D9FD2}"
EndProject
Project("{9A19103F-16F7-4668-BE54-9A1E7A4F7556}") = "task19polindrome", "Seminar3\HomeWork3\task19polindrome\task19polindrome.csproj", "{DC282ADB-508A-4654-AFE6-7FE621BDBD9F}"
EndProject
Project("{9A19103F-16F7-4668-BE54-9A1E7A4F7556}") = "task21_3D_distance_betwin_Points", "Seminar3\HomeWork3\task21_3D_distance_betwin_Points\task21_3D_distance_betwin_Points.csproj", "{1EB25F9D-500D-438F-9CEE-31FA5F647237}"
EndProject
Project("{9A19103F-16F7-4668-BE54-9A1E7A4F7556}") = "task23_Cube_1toN", "Seminar3\HomeWork3\task23_Cube_1toN\task23_Cube_1toN.csproj", "{9CDCFC2B-924B-4592-ABC7-91766A48F21E}"
EndProject
Project("{2150E333-8FDC-42A3-9474-1A3956D46DE8}") = "HomeWork4", "HomeWork4", "{B2613D7A-EB43-43D3-928B-D9B1F19B605E}"
EndProject
Project("{9A19103F-16F7-4668-BE54-9A1E7A4F7556}") = "Task25", "Seminar4\HomeWork4\Task25\Task25.csproj", "{E825FB0D-D217-4439-A08D-8AED65C41DE5}"
EndProject
Project("{9A19103F-16F7-4668-BE54-9A1E7A4F7556}") = "task27", "Seminar4\HomeWork4\task27\task27.csproj", "{EDAB1340-04F9-4564-A2B6-9870AD200FDB}"
EndProject
Project("{9A19103F-16F7-4668-BE54-9A1E7A4F7556}") = "task29", "Seminar4\HomeWork4\task29\task29.csproj", "{BB49F5EC-4AAE-447B-B632-89C8CF8F137F}"
EndProject
Project("{2150E333-8FDC-42A3-9474-1A3956D46DE8}") = "HomeWork5", "HomeWork5", "{EAA60684-45F9-48AB-A3FB-EC4565EF34D3}"
EndProject
Project("{9A19103F-16F7-4668-BE54-9A1E7A4F7556}") = "task34", "Seminar5\HomeWork5\task34\task34.csproj", "{85FEB344-361E-4201-8CED-345FB0BFD17B}"
EndProject
Project("{9A19103F-16F7-4668-BE54-9A1E7A4F7556}") = "task36", "Seminar5\HomeWork5\task36\task36.csproj", "{6A5FB6A6-9913-4144-898C-E0F308912564}"
EndProject
Project("{9A19103F-16F7-4668-BE54-9A1E7A4F7556}") = "task38", "Seminar5\HomeWork5\task38\task38.csproj", "{4530D9A0-1DFB-49E6-9418-5FAEEC718550}"
EndProject
Project("{2150E333-8FDC-42A3-9474-1A3956D46DE8}") = "HomeWork6", "HomeWork6", "{DE177C9B-97C3-4328-92E3-148826C0D199}"
EndProject
Project("{9A19103F-16F7-4668-BE54-9A1E7A4F7556}") = "task41", "Seminar6\HomeWork6\task41\task41.csproj", "{5BF81E47-FEF5-4037-B883-AF70056AE275}"
EndProject
Project("{9A19103F-16F7-4668-BE54-9A1E7A4F7556}") = "task43", "Seminar6\HomeWork6\task43\task43.csproj", "{1F8FF7E8-DB28-47BC-B374-26F7F4E5486E}"
EndProject
Project("{2150E333-8FDC-42A3-9474-1A3956D46DE8}") = "HomeWork7", "HomeWork7", "{931B2D4C-5174-4F44-8863-61122798880B}"
EndProject
Project("{9A19103F-16F7-4668-BE54-9A1E7A4F7556}") = "task47", "Seminar7\HomeWork7\task47\task47.csproj", "{829BAD2E-2002-47CA-B879-BDE0505D9A95}"
EndProject
Project("{9A19103F-16F7-4668-BE54-9A1E7A4F7556}") = "task50", "Seminar7\HomeWork7\task50\task50.csproj", "{0506BEBD-3BFF-4085-9EEA-33877FF6BF47}"
EndProject
Global
	GlobalSection(SolutionConfigurationPlatforms) = preSolution
		Debug|Any CPU = Debug|Any CPU
		Release|Any CPU = Release|Any CPU
	EndGlobalSection
	GlobalSection(ProjectConfigurationPlatforms) = postSolution
		{10630B13-3ACC-46E9-93D7-EDB2D3535538}.Debug|Any CPU.ActiveCfg = Debug|Any CPU
		{10630B13-3ACC-46E9-93D7-EDB2D3535538}.Debug|Any CPU.Build.0 = Debug|Any CPU
		{10630B13-3ACC-46E9-93D7-EDB2D3535538}.Release|Any CPU.ActiveCfg = Release|Any CPU
		{10630B13-3ACC-46E9-93D7-EDB2D3535538}.Release|Any CPU.Build.0 = Release|Any CPU
		{3068CCEB-369F-483E-A7E1-86FD61D68396}.Debug|Any CPU.ActiveCfg = Debug|Any CPU
		{3068CCEB-369F-483E-A7E1-86FD61D68396}.Debug|Any CPU.Build.0 = Debug|Any CPU
		{3068CCEB-369F-483E-A7E1-86FD61D68396}.Release|Any CPU.ActiveCfg = Release|Any CPU
		{3068CCEB-369F-483E-A7E1-86FD61D68396}.Release|Any CPU.Build.0 = Release|Any CPU
		{7494179B-8A85-4062-A6AC-A0581B89A39A}.Debug|Any CPU.ActiveCfg = Debug|Any CPU
		{7494179B-8A85-4062-A6AC-A0581B89A39A}.Debug|Any CPU.Build.0 = Debug|Any CPU
		{7494179B-8A85-4062-A6AC-A0581B89A39A}.Release|Any CPU.ActiveCfg = Release|Any CPU
		{7494179B-8A85-4062-A6AC-A0581B89A39A}.Release|Any CPU.Build.0 = Release|Any CPU
		{A550BF6C-EC47-4C2A-AA10-02BA0E329450}.Debug|Any CPU.ActiveCfg = Debug|Any CPU
		{A550BF6C-EC47-4C2A-AA10-02BA0E329450}.Debug|Any CPU.Build.0 = Debug|Any CPU
		{A550BF6C-EC47-4C2A-AA10-02BA0E329450}.Release|Any CPU.ActiveCfg = Release|Any CPU
		{A550BF6C-EC47-4C2A-AA10-02BA0E329450}.Release|Any CPU.Build.0 = Release|Any CPU
		{0A6DFD74-D0E2-4F4A-B98C-99DC408D8DB4}.Debug|Any CPU.ActiveCfg = Debug|Any CPU
		{0A6DFD74-D0E2-4F4A-B98C-99DC408D8DB4}.Debug|Any CPU.Build.0 = Debug|Any CPU
		{0A6DFD74-D0E2-4F4A-B98C-99DC408D8DB4}.Release|Any CPU.ActiveCfg = Release|Any CPU
		{0A6DFD74-D0E2-4F4A-B98C-99DC408D8DB4}.Release|Any CPU.Build.0 = Release|Any CPU
		{E0E19E19-B200-4513-9A46-C465CD9761B7}.Debug|Any CPU.ActiveCfg = Debug|Any CPU
		{E0E19E19-B200-4513-9A46-C465CD9761B7}.Debug|Any CPU.Build.0 = Debug|Any CPU
		{E0E19E19-B200-4513-9A46-C465CD9761B7}.Release|Any CPU.ActiveCfg = Release|Any CPU
		{E0E19E19-B200-4513-9A46-C465CD9761B7}.Release|Any CPU.Build.0 = Release|Any CPU
		{540E6B76-D36F-499B-AEB8-D05D0714CA50}.Debug|Any CPU.ActiveCfg = Debug|Any CPU
		{540E6B76-D36F-499B-AEB8-D05D0714CA50}.Debug|Any CPU.Build.0 = Debug|Any CPU
		{540E6B76-D36F-499B-AEB8-D05D0714CA50}.Release|Any CPU.ActiveCfg = Release|Any CPU
		{540E6B76-D36F-499B-AEB8-D05D0714CA50}.Release|Any CPU.Build.0 = Release|Any CPU
		{2D78827B-6CA8-48C2-897F-8FFBBE6C9CCD}.Debug|Any CPU.ActiveCfg = Debug|Any CPU
		{2D78827B-6CA8-48C2-897F-8FFBBE6C9CCD}.Debug|Any CPU.Build.0 = Debug|Any CPU
		{2D78827B-6CA8-48C2-897F-8FFBBE6C9CCD}.Release|Any CPU.ActiveCfg = Release|Any CPU
		{2D78827B-6CA8-48C2-897F-8FFBBE6C9CCD}.Release|Any CPU.Build.0 = Release|Any CPU
		{8C2EF4CA-FC60-48CB-BEEB-FE8BBAB2911A}.Debug|Any CPU.ActiveCfg = Debug|Any CPU
		{8C2EF4CA-FC60-48CB-BEEB-FE8BBAB2911A}.Debug|Any CPU.Build.0 = Debug|Any CPU
		{8C2EF4CA-FC60-48CB-BEEB-FE8BBAB2911A}.Release|Any CPU.ActiveCfg = Release|Any CPU
		{8C2EF4CA-FC60-48CB-BEEB-FE8BBAB2911A}.Release|Any CPU.Build.0 = Release|Any CPU
		{FAB15CA5-0FDB-473F-96F2-8CEFC0228D25}.Debug|Any CPU.ActiveCfg = Debug|Any CPU
		{FAB15CA5-0FDB-473F-96F2-8CEFC0228D25}.Debug|Any CPU.Build.0 = Debug|Any CPU
		{FAB15CA5-0FDB-473F-96F2-8CEFC0228D25}.Release|Any CPU.ActiveCfg = Release|Any CPU
		{FAB15CA5-0FDB-473F-96F2-8CEFC0228D25}.Release|Any CPU.Build.0 = Release|Any CPU
		{6C165253-9655-4279-8761-DCA2B9EE2E23}.Debug|Any CPU.ActiveCfg = Debug|Any CPU
		{6C165253-9655-4279-8761-DCA2B9EE2E23}.Debug|Any CPU.Build.0 = Debug|Any CPU
		{6C165253-9655-4279-8761-DCA2B9EE2E23}.Release|Any CPU.ActiveCfg = Release|Any CPU
		{6C165253-9655-4279-8761-DCA2B9EE2E23}.Release|Any CPU.Build.0 = Release|Any CPU
		{75E5F953-40CA-4B2E-A31A-5F63E63DFE09}.Debug|Any CPU.ActiveCfg = Debug|Any CPU
		{75E5F953-40CA-4B2E-A31A-5F63E63DFE09}.Debug|Any CPU.Build.0 = Debug|Any CPU
		{75E5F953-40CA-4B2E-A31A-5F63E63DFE09}.Release|Any CPU.ActiveCfg = Release|Any CPU
		{75E5F953-40CA-4B2E-A31A-5F63E63DFE09}.Release|Any CPU.Build.0 = Release|Any CPU
		{38EA7215-AF33-430E-9CDB-CB50D4EA1CE9}.Debug|Any CPU.ActiveCfg = Debug|Any CPU
		{38EA7215-AF33-430E-9CDB-CB50D4EA1CE9}.Debug|Any CPU.Build.0 = Debug|Any CPU
		{38EA7215-AF33-430E-9CDB-CB50D4EA1CE9}.Release|Any CPU.ActiveCfg = Release|Any CPU
		{38EA7215-AF33-430E-9CDB-CB50D4EA1CE9}.Release|Any CPU.Build.0 = Release|Any CPU
		{9B950B97-10E4-47C5-89C2-30DCF0254D5F}.Debug|Any CPU.ActiveCfg = Debug|Any CPU
		{9B950B97-10E4-47C5-89C2-30DCF0254D5F}.Debug|Any CPU.Build.0 = Debug|Any CPU
		{9B950B97-10E4-47C5-89C2-30DCF0254D5F}.Release|Any CPU.ActiveCfg = Release|Any CPU
		{9B950B97-10E4-47C5-89C2-30DCF0254D5F}.Release|Any CPU.Build.0 = Release|Any CPU
		{17A8E946-AD75-47F6-9ACD-8C3F8116F95D}.Debug|Any CPU.ActiveCfg = Debug|Any CPU
		{17A8E946-AD75-47F6-9ACD-8C3F8116F95D}.Debug|Any CPU.Build.0 = Debug|Any CPU
		{17A8E946-AD75-47F6-9ACD-8C3F8116F95D}.Release|Any CPU.ActiveCfg = Release|Any CPU
		{17A8E946-AD75-47F6-9ACD-8C3F8116F95D}.Release|Any CPU.Build.0 = Release|Any CPU
		{6E83DBC3-91B4-4A42-A6F8-4F834CDBE809}.Debug|Any CPU.ActiveCfg = Debug|Any CPU
		{6E83DBC3-91B4-4A42-A6F8-4F834CDBE809}.Debug|Any CPU.Build.0 = Debug|Any CPU
		{6E83DBC3-91B4-4A42-A6F8-4F834CDBE809}.Release|Any CPU.ActiveCfg = Release|Any CPU
		{6E83DBC3-91B4-4A42-A6F8-4F834CDBE809}.Release|Any CPU.Build.0 = Release|Any CPU
		{6DCE24EA-56AB-4DE6-8FED-E54B10F036AF}.Debug|Any CPU.ActiveCfg = Debug|Any CPU
		{6DCE24EA-56AB-4DE6-8FED-E54B10F036AF}.Debug|Any CPU.Build.0 = Debug|Any CPU
		{6DCE24EA-56AB-4DE6-8FED-E54B10F036AF}.Release|Any CPU.ActiveCfg = Release|Any CPU
		{6DCE24EA-56AB-4DE6-8FED-E54B10F036AF}.Release|Any CPU.Build.0 = Release|Any CPU
		{BAF8D79C-7FB7-446D-A76B-AEB41EE4B35F}.Debug|Any CPU.ActiveCfg = Debug|Any CPU
		{BAF8D79C-7FB7-446D-A76B-AEB41EE4B35F}.Debug|Any CPU.Build.0 = Debug|Any CPU
		{BAF8D79C-7FB7-446D-A76B-AEB41EE4B35F}.Release|Any CPU.ActiveCfg = Release|Any CPU
		{BAF8D79C-7FB7-446D-A76B-AEB41EE4B35F}.Release|Any CPU.Build.0 = Release|Any CPU
		{EE70BFA4-0192-415D-A506-CA1CB6B1173E}.Debug|Any CPU.ActiveCfg = Debug|Any CPU
		{EE70BFA4-0192-415D-A506-CA1CB6B1173E}.Debug|Any CPU.Build.0 = Debug|Any CPU
		{EE70BFA4-0192-415D-A506-CA1CB6B1173E}.Release|Any CPU.ActiveCfg = Release|Any CPU
		{EE70BFA4-0192-415D-A506-CA1CB6B1173E}.Release|Any CPU.Build.0 = Release|Any CPU
		{AB6915BA-FA4D-4DD1-B002-CFB638629CEB}.Debug|Any CPU.ActiveCfg = Debug|Any CPU
		{AB6915BA-FA4D-4DD1-B002-CFB638629CEB}.Debug|Any CPU.Build.0 = Debug|Any CPU
		{AB6915BA-FA4D-4DD1-B002-CFB638629CEB}.Release|Any CPU.ActiveCfg = Release|Any CPU
		{AB6915BA-FA4D-4DD1-B002-CFB638629CEB}.Release|Any CPU.Build.0 = Release|Any CPU
		{C4BB4AAE-DCF8-46D6-879C-4EB5E3B3F8F4}.Debug|Any CPU.ActiveCfg = Debug|Any CPU
		{C4BB4AAE-DCF8-46D6-879C-4EB5E3B3F8F4}.Debug|Any CPU.Build.0 = Debug|Any CPU
		{C4BB4AAE-DCF8-46D6-879C-4EB5E3B3F8F4}.Release|Any CPU.ActiveCfg = Release|Any CPU
		{C4BB4AAE-DCF8-46D6-879C-4EB5E3B3F8F4}.Release|Any CPU.Build.0 = Release|Any CPU
		{D4D32AEF-A707-4138-8E29-64E3EDDDF8F9}.Debug|Any CPU.ActiveCfg = Debug|Any CPU
		{D4D32AEF-A707-4138-8E29-64E3EDDDF8F9}.Debug|Any CPU.Build.0 = Debug|Any CPU
		{D4D32AEF-A707-4138-8E29-64E3EDDDF8F9}.Release|Any CPU.ActiveCfg = Release|Any CPU
		{D4D32AEF-A707-4138-8E29-64E3EDDDF8F9}.Release|Any CPU.Build.0 = Release|Any CPU
		{015632B4-4469-4E41-B8CB-375C310E2C23}.Debug|Any CPU.ActiveCfg = Debug|Any CPU
		{015632B4-4469-4E41-B8CB-375C310E2C23}.Debug|Any CPU.Build.0 = Debug|Any CPU
		{015632B4-4469-4E41-B8CB-375C310E2C23}.Release|Any CPU.ActiveCfg = Release|Any CPU
		{015632B4-4469-4E41-B8CB-375C310E2C23}.Release|Any CPU.Build.0 = Release|Any CPU
		{D2603AB3-C043-4F24-9AD0-331154F2E8DF}.Debug|Any CPU.ActiveCfg = Debug|Any CPU
		{D2603AB3-C043-4F24-9AD0-331154F2E8DF}.Debug|Any CPU.Build.0 = Debug|Any CPU
		{D2603AB3-C043-4F24-9AD0-331154F2E8DF}.Release|Any CPU.ActiveCfg = Release|Any CPU
		{D2603AB3-C043-4F24-9AD0-331154F2E8DF}.Release|Any CPU.Build.0 = Release|Any CPU
		{5B624467-F744-451D-A1F5-4C3242AFE93C}.Debug|Any CPU.ActiveCfg = Debug|Any CPU
		{5B624467-F744-451D-A1F5-4C3242AFE93C}.Debug|Any CPU.Build.0 = Debug|Any CPU
		{5B624467-F744-451D-A1F5-4C3242AFE93C}.Release|Any CPU.ActiveCfg = Release|Any CPU
		{5B624467-F744-451D-A1F5-4C3242AFE93C}.Release|Any CPU.Build.0 = Release|Any CPU
		{0B48696B-1A1E-4D4A-86D8-C4E81BE083A0}.Debug|Any CPU.ActiveCfg = Debug|Any CPU
		{0B48696B-1A1E-4D4A-86D8-C4E81BE083A0}.Debug|Any CPU.Build.0 = Debug|Any CPU
		{0B48696B-1A1E-4D4A-86D8-C4E81BE083A0}.Release|Any CPU.ActiveCfg = Release|Any CPU
		{0B48696B-1A1E-4D4A-86D8-C4E81BE083A0}.Release|Any CPU.Build.0 = Release|Any CPU
		{957E90D2-DF0B-4B1F-B6A7-7A2CE423BCD6}.Debug|Any CPU.ActiveCfg = Debug|Any CPU
		{957E90D2-DF0B-4B1F-B6A7-7A2CE423BCD6}.Debug|Any CPU.Build.0 = Debug|Any CPU
		{957E90D2-DF0B-4B1F-B6A7-7A2CE423BCD6}.Release|Any CPU.ActiveCfg = Release|Any CPU
		{957E90D2-DF0B-4B1F-B6A7-7A2CE423BCD6}.Release|Any CPU.Build.0 = Release|Any CPU
		{A7337930-EF79-4061-B757-7171F2487BC2}.Debug|Any CPU.ActiveCfg = Debug|Any CPU
		{A7337930-EF79-4061-B757-7171F2487BC2}.Debug|Any CPU.Build.0 = Debug|Any CPU
		{A7337930-EF79-4061-B757-7171F2487BC2}.Release|Any CPU.ActiveCfg = Release|Any CPU
		{A7337930-EF79-4061-B757-7171F2487BC2}.Release|Any CPU.Build.0 = Release|Any CPU
		{BB152EDB-DD08-409C-83E8-AFE90619C490}.Debug|Any CPU.ActiveCfg = Debug|Any CPU
		{BB152EDB-DD08-409C-83E8-AFE90619C490}.Debug|Any CPU.Build.0 = Debug|Any CPU
		{BB152EDB-DD08-409C-83E8-AFE90619C490}.Release|Any CPU.ActiveCfg = Release|Any CPU
		{BB152EDB-DD08-409C-83E8-AFE90619C490}.Release|Any CPU.Build.0 = Release|Any CPU
		{BE7671A2-1CEC-4D1F-B609-95D80F3CFB73}.Debug|Any CPU.ActiveCfg = Debug|Any CPU
		{BE7671A2-1CEC-4D1F-B609-95D80F3CFB73}.Debug|Any CPU.Build.0 = Debug|Any CPU
		{BE7671A2-1CEC-4D1F-B609-95D80F3CFB73}.Release|Any CPU.ActiveCfg = Release|Any CPU
		{BE7671A2-1CEC-4D1F-B609-95D80F3CFB73}.Release|Any CPU.Build.0 = Release|Any CPU
		{B11D0E5C-E7E3-4381-A690-D6B9FB77F427}.Debug|Any CPU.ActiveCfg = Debug|Any CPU
		{B11D0E5C-E7E3-4381-A690-D6B9FB77F427}.Debug|Any CPU.Build.0 = Debug|Any CPU
		{B11D0E5C-E7E3-4381-A690-D6B9FB77F427}.Release|Any CPU.ActiveCfg = Release|Any CPU
		{B11D0E5C-E7E3-4381-A690-D6B9FB77F427}.Release|Any CPU.Build.0 = Release|Any CPU
		{1366AF31-EDFE-4929-B21D-01A5F2C509A4}.Debug|Any CPU.ActiveCfg = Debug|Any CPU
		{1366AF31-EDFE-4929-B21D-01A5F2C509A4}.Debug|Any CPU.Build.0 = Debug|Any CPU
		{1366AF31-EDFE-4929-B21D-01A5F2C509A4}.Release|Any CPU.ActiveCfg = Release|Any CPU
		{1366AF31-EDFE-4929-B21D-01A5F2C509A4}.Release|Any CPU.Build.0 = Release|Any CPU
		{0A40911F-F0E0-46DF-9922-04A5E934ACE3}.Debug|Any CPU.ActiveCfg = Debug|Any CPU
		{0A40911F-F0E0-46DF-9922-04A5E934ACE3}.Debug|Any CPU.Build.0 = Debug|Any CPU
		{0A40911F-F0E0-46DF-9922-04A5E934ACE3}.Release|Any CPU.ActiveCfg = Release|Any CPU
		{0A40911F-F0E0-46DF-9922-04A5E934ACE3}.Release|Any CPU.Build.0 = Release|Any CPU
		{C0288BE5-6EFA-4250-9E57-58C657516F38}.Debug|Any CPU.ActiveCfg = Debug|Any CPU
		{C0288BE5-6EFA-4250-9E57-58C657516F38}.Debug|Any CPU.Build.0 = Debug|Any CPU
		{C0288BE5-6EFA-4250-9E57-58C657516F38}.Release|Any CPU.ActiveCfg = Release|Any CPU
		{C0288BE5-6EFA-4250-9E57-58C657516F38}.Release|Any CPU.Build.0 = Release|Any CPU
		{CA6E260F-D112-4463-BEE0-D758316D2059}.Debug|Any CPU.ActiveCfg = Debug|Any CPU
		{CA6E260F-D112-4463-BEE0-D758316D2059}.Debug|Any CPU.Build.0 = Debug|Any CPU
		{CA6E260F-D112-4463-BEE0-D758316D2059}.Release|Any CPU.ActiveCfg = Release|Any CPU
		{CA6E260F-D112-4463-BEE0-D758316D2059}.Release|Any CPU.Build.0 = Release|Any CPU
		{DC282ADB-508A-4654-AFE6-7FE621BDBD9F}.Debug|Any CPU.ActiveCfg = Debug|Any CPU
		{DC282ADB-508A-4654-AFE6-7FE621BDBD9F}.Debug|Any CPU.Build.0 = Debug|Any CPU
		{DC282ADB-508A-4654-AFE6-7FE621BDBD9F}.Release|Any CPU.ActiveCfg = Release|Any CPU
		{DC282ADB-508A-4654-AFE6-7FE621BDBD9F}.Release|Any CPU.Build.0 = Release|Any CPU
		{1EB25F9D-500D-438F-9CEE-31FA5F647237}.Debug|Any CPU.ActiveCfg = Debug|Any CPU
		{1EB25F9D-500D-438F-9CEE-31FA5F647237}.Debug|Any CPU.Build.0 = Debug|Any CPU
		{1EB25F9D-500D-438F-9CEE-31FA5F647237}.Release|Any CPU.ActiveCfg = Release|Any CPU
		{1EB25F9D-500D-438F-9CEE-31FA5F647237}.Release|Any CPU.Build.0 = Release|Any CPU
		{9CDCFC2B-924B-4592-ABC7-91766A48F21E}.Debug|Any CPU.ActiveCfg = Debug|Any CPU
		{9CDCFC2B-924B-4592-ABC7-91766A48F21E}.Debug|Any CPU.Build.0 = Debug|Any CPU
		{9CDCFC2B-924B-4592-ABC7-91766A48F21E}.Release|Any CPU.ActiveCfg = Release|Any CPU
		{9CDCFC2B-924B-4592-ABC7-91766A48F21E}.Release|Any CPU.Build.0 = Release|Any CPU
		{E825FB0D-D217-4439-A08D-8AED65C41DE5}.Debug|Any CPU.ActiveCfg = Debug|Any CPU
		{E825FB0D-D217-4439-A08D-8AED65C41DE5}.Debug|Any CPU.Build.0 = Debug|Any CPU
		{E825FB0D-D217-4439-A08D-8AED65C41DE5}.Release|Any CPU.ActiveCfg = Release|Any CPU
		{E825FB0D-D217-4439-A08D-8AED65C41DE5}.Release|Any CPU.Build.0 = Release|Any CPU
		{EDAB1340-04F9-4564-A2B6-9870AD200FDB}.Debug|Any CPU.ActiveCfg = Debug|Any CPU
		{EDAB1340-04F9-4564-A2B6-9870AD200FDB}.Debug|Any CPU.Build.0 = Debug|Any CPU
		{EDAB1340-04F9-4564-A2B6-9870AD200FDB}.Release|Any CPU.ActiveCfg = Release|Any CPU
		{EDAB1340-04F9-4564-A2B6-9870AD200FDB}.Release|Any CPU.Build.0 = Release|Any CPU
		{BB49F5EC-4AAE-447B-B632-89C8CF8F137F}.Debug|Any CPU.ActiveCfg = Debug|Any CPU
		{BB49F5EC-4AAE-447B-B632-89C8CF8F137F}.Debug|Any CPU.Build.0 = Debug|Any CPU
		{BB49F5EC-4AAE-447B-B632-89C8CF8F137F}.Release|Any CPU.ActiveCfg = Release|Any CPU
		{BB49F5EC-4AAE-447B-B632-89C8CF8F137F}.Release|Any CPU.Build.0 = Release|Any CPU
		{85FEB344-361E-4201-8CED-345FB0BFD17B}.Debug|Any CPU.ActiveCfg = Debug|Any CPU
		{85FEB344-361E-4201-8CED-345FB0BFD17B}.Debug|Any CPU.Build.0 = Debug|Any CPU
		{85FEB344-361E-4201-8CED-345FB0BFD17B}.Release|Any CPU.ActiveCfg = Release|Any CPU
		{85FEB344-361E-4201-8CED-345FB0BFD17B}.Release|Any CPU.Build.0 = Release|Any CPU
		{6A5FB6A6-9913-4144-898C-E0F308912564}.Debug|Any CPU.ActiveCfg = Debug|Any CPU
		{6A5FB6A6-9913-4144-898C-E0F308912564}.Debug|Any CPU.Build.0 = Debug|Any CPU
		{6A5FB6A6-9913-4144-898C-E0F308912564}.Release|Any CPU.ActiveCfg = Release|Any CPU
		{6A5FB6A6-9913-4144-898C-E0F308912564}.Release|Any CPU.Build.0 = Release|Any CPU
		{4530D9A0-1DFB-49E6-9418-5FAEEC718550}.Debug|Any CPU.ActiveCfg = Debug|Any CPU
		{4530D9A0-1DFB-49E6-9418-5FAEEC718550}.Debug|Any CPU.Build.0 = Debug|Any CPU
		{4530D9A0-1DFB-49E6-9418-5FAEEC718550}.Release|Any CPU.ActiveCfg = Release|Any CPU
		{4530D9A0-1DFB-49E6-9418-5FAEEC718550}.Release|Any CPU.Build.0 = Release|Any CPU
		{5BF81E47-FEF5-4037-B883-AF70056AE275}.Debug|Any CPU.ActiveCfg = Debug|Any CPU
		{5BF81E47-FEF5-4037-B883-AF70056AE275}.Debug|Any CPU.Build.0 = Debug|Any CPU
		{5BF81E47-FEF5-4037-B883-AF70056AE275}.Release|Any CPU.ActiveCfg = Release|Any CPU
		{5BF81E47-FEF5-4037-B883-AF70056AE275}.Release|Any CPU.Build.0 = Release|Any CPU
		{1F8FF7E8-DB28-47BC-B374-26F7F4E5486E}.Debug|Any CPU.ActiveCfg = Debug|Any CPU
		{1F8FF7E8-DB28-47BC-B374-26F7F4E5486E}.Debug|Any CPU.Build.0 = Debug|Any CPU
		{1F8FF7E8-DB28-47BC-B374-26F7F4E5486E}.Release|Any CPU.ActiveCfg = Release|Any CPU
		{1F8FF7E8-DB28-47BC-B374-26F7F4E5486E}.Release|Any CPU.Build.0 = Release|Any CPU
		{829BAD2E-2002-47CA-B879-BDE0505D9A95}.Debug|Any CPU.ActiveCfg = Debug|Any CPU
		{829BAD2E-2002-47CA-B879-BDE0505D9A95}.Debug|Any CPU.Build.0 = Debug|Any CPU
		{829BAD2E-2002-47CA-B879-BDE0505D9A95}.Release|Any CPU.ActiveCfg = Release|Any CPU
		{829BAD2E-2002-47CA-B879-BDE0505D9A95}.Release|Any CPU.Build.0 = Release|Any CPU
		{0506BEBD-3BFF-4085-9EEA-33877FF6BF47}.Debug|Any CPU.ActiveCfg = Debug|Any CPU
		{0506BEBD-3BFF-4085-9EEA-33877FF6BF47}.Debug|Any CPU.Build.0 = Debug|Any CPU
		{0506BEBD-3BFF-4085-9EEA-33877FF6BF47}.Release|Any CPU.ActiveCfg = Release|Any CPU
		{0506BEBD-3BFF-4085-9EEA-33877FF6BF47}.Release|Any CPU.Build.0 = Release|Any CPU
	EndGlobalSection
	GlobalSection(SolutionProperties) = preSolution
		HideSolutionNode = FALSE
	EndGlobalSection
	GlobalSection(NestedProjects) = preSolution
		{10630B13-3ACC-46E9-93D7-EDB2D3535538} = {6F6C8CED-0FAF-4785-9A50-23457B3C046A}
		{3068CCEB-369F-483E-A7E1-86FD61D68396} = {6F6C8CED-0FAF-4785-9A50-23457B3C046A}
		{7494179B-8A85-4062-A6AC-A0581B89A39A} = {6F6C8CED-0FAF-4785-9A50-23457B3C046A}
		{A550BF6C-EC47-4C2A-AA10-02BA0E329450} = {6F6C8CED-0FAF-4785-9A50-23457B3C046A}
		{0A6DFD74-D0E2-4F4A-B98C-99DC408D8DB4} = {6F6C8CED-0FAF-4785-9A50-23457B3C046A}
		{E0E19E19-B200-4513-9A46-C465CD9761B7} = {CAF346A8-09FA-4948-B0C3-46DA29E7A79F}
		{540E6B76-D36F-499B-AEB8-D05D0714CA50} = {CAF346A8-09FA-4948-B0C3-46DA29E7A79F}
		{2D78827B-6CA8-48C2-897F-8FFBBE6C9CCD} = {CAF346A8-09FA-4948-B0C3-46DA29E7A79F}
		{8C2EF4CA-FC60-48CB-BEEB-FE8BBAB2911A} = {CAF346A8-09FA-4948-B0C3-46DA29E7A79F}
		{FAB15CA5-0FDB-473F-96F2-8CEFC0228D25} = {CAF346A8-09FA-4948-B0C3-46DA29E7A79F}
		{6C165253-9655-4279-8761-DCA2B9EE2E23} = {9836B981-3B50-45E7-9A1C-2162C49C4392}
		{75E5F953-40CA-4B2E-A31A-5F63E63DFE09} = {9836B981-3B50-45E7-9A1C-2162C49C4392}
		{38EA7215-AF33-430E-9CDB-CB50D4EA1CE9} = {9836B981-3B50-45E7-9A1C-2162C49C4392}
		{9B950B97-10E4-47C5-89C2-30DCF0254D5F} = {9836B981-3B50-45E7-9A1C-2162C49C4392}
		{17A8E946-AD75-47F6-9ACD-8C3F8116F95D} = {24E21094-D583-40F2-B1FF-23A6D59A87AD}
		{6E83DBC3-91B4-4A42-A6F8-4F834CDBE809} = {24E21094-D583-40F2-B1FF-23A6D59A87AD}
		{6DCE24EA-56AB-4DE6-8FED-E54B10F036AF} = {24E21094-D583-40F2-B1FF-23A6D59A87AD}
		{BAF8D79C-7FB7-446D-A76B-AEB41EE4B35F} = {24E21094-D583-40F2-B1FF-23A6D59A87AD}
		{EE70BFA4-0192-415D-A506-CA1CB6B1173E} = {24E21094-D583-40F2-B1FF-23A6D59A87AD}
		{AB6915BA-FA4D-4DD1-B002-CFB638629CEB} = {102E0589-C1F1-4A14-AC3F-65ABB69B0175}
		{C4BB4AAE-DCF8-46D6-879C-4EB5E3B3F8F4} = {102E0589-C1F1-4A14-AC3F-65ABB69B0175}
		{D4D32AEF-A707-4138-8E29-64E3EDDDF8F9} = {102E0589-C1F1-4A14-AC3F-65ABB69B0175}
		{015632B4-4469-4E41-B8CB-375C310E2C23} = {102E0589-C1F1-4A14-AC3F-65ABB69B0175}
		{D2603AB3-C043-4F24-9AD0-331154F2E8DF} = {102E0589-C1F1-4A14-AC3F-65ABB69B0175}
		{5B624467-F744-451D-A1F5-4C3242AFE93C} = {F716AE26-456B-48AE-A56E-2CFB4B580A11}
		{0B48696B-1A1E-4D4A-86D8-C4E81BE083A0} = {F716AE26-456B-48AE-A56E-2CFB4B580A11}
		{957E90D2-DF0B-4B1F-B6A7-7A2CE423BCD6} = {F716AE26-456B-48AE-A56E-2CFB4B580A11}
		{A7337930-EF79-4061-B757-7171F2487BC2} = {E5223306-7926-45D9-94BA-23420F9325BA}
		{91EEB8F9-FD78-4DB0-ABC4-9CB0FE0FF7A6} = {6F6C8CED-0FAF-4785-9A50-23457B3C046A}
		{BB152EDB-DD08-409C-83E8-AFE90619C490} = {91EEB8F9-FD78-4DB0-ABC4-9CB0FE0FF7A6}
		{BE7671A2-1CEC-4D1F-B609-95D80F3CFB73} = {91EEB8F9-FD78-4DB0-ABC4-9CB0FE0FF7A6}
		{B11D0E5C-E7E3-4381-A690-D6B9FB77F427} = {91EEB8F9-FD78-4DB0-ABC4-9CB0FE0FF7A6}
		{1366AF31-EDFE-4929-B21D-01A5F2C509A4} = {91EEB8F9-FD78-4DB0-ABC4-9CB0FE0FF7A6}
		{D8116954-52B6-4CAF-A986-E4183175FA08} = {CAF346A8-09FA-4948-B0C3-46DA29E7A79F}
		{0A40911F-F0E0-46DF-9922-04A5E934ACE3} = {D8116954-52B6-4CAF-A986-E4183175FA08}
		{C0288BE5-6EFA-4250-9E57-58C657516F38} = {D8116954-52B6-4CAF-A986-E4183175FA08}
		{CA6E260F-D112-4463-BEE0-D758316D2059} = {D8116954-52B6-4CAF-A986-E4183175FA08}
		{15F7362B-9E90-477E-AFE2-77E7740D9FD2} = {9836B981-3B50-45E7-9A1C-2162C49C4392}
		{DC282ADB-508A-4654-AFE6-7FE621BDBD9F} = {15F7362B-9E90-477E-AFE2-77E7740D9FD2}
		{1EB25F9D-500D-438F-9CEE-31FA5F647237} = {15F7362B-9E90-477E-AFE2-77E7740D9FD2}
		{9CDCFC2B-924B-4592-ABC7-91766A48F21E} = {15F7362B-9E90-477E-AFE2-77E7740D9FD2}
		{B2613D7A-EB43-43D3-928B-D9B1F19B605E} = {24E21094-D583-40F2-B1FF-23A6D59A87AD}
		{E825FB0D-D217-4439-A08D-8AED65C41DE5} = {B2613D7A-EB43-43D3-928B-D9B1F19B605E}
		{EDAB1340-04F9-4564-A2B6-9870AD200FDB} = {B2613D7A-EB43-43D3-928B-D9B1F19B605E}
		{BB49F5EC-4AAE-447B-B632-89C8CF8F137F} = {B2613D7A-EB43-43D3-928B-D9B1F19B605E}
		{EAA60684-45F9-48AB-A3FB-EC4565EF34D3} = {102E0589-C1F1-4A14-AC3F-65ABB69B0175}
		{85FEB344-361E-4201-8CED-345FB0BFD17B} = {EAA60684-45F9-48AB-A3FB-EC4565EF34D3}
		{6A5FB6A6-9913-4144-898C-E0F308912564} = {EAA60684-45F9-48AB-A3FB-EC4565EF34D3}
		{4530D9A0-1DFB-49E6-9418-5FAEEC718550} = {EAA60684-45F9-48AB-A3FB-EC4565EF34D3}
		{DE177C9B-97C3-4328-92E3-148826C0D199} = {F716AE26-456B-48AE-A56E-2CFB4B580A11}
		{5BF81E47-FEF5-4037-B883-AF70056AE275} = {DE177C9B-97C3-4328-92E3-148826C0D199}
		{1F8FF7E8-DB28-47BC-B374-26F7F4E5486E} = {DE177C9B-97C3-4328-92E3-148826C0D199}
		{931B2D4C-5174-4F44-8863-61122798880B} = {E5223306-7926-45D9-94BA-23420F9325BA}
		{829BAD2E-2002-47CA-B879-BDE0505D9A95} = {931B2D4C-5174-4F44-8863-61122798880B}
		{0506BEBD-3BFF-4085-9EEA-33877FF6BF47} = {931B2D4C-5174-4F44-8863-61122798880B}
	EndGlobalSection
	GlobalSection(ExtensibilityGlobals) = postSolution
		SolutionGuid = {114EB861-A3D3-46F9-9D72-35EFC536C0D0}
	EndGlobalSection
EndGlobal
